
Microsoft Visual Studio Solution File, Format Version 12.00
# Visual Studio Version 17
VisualStudioVersion = 17.11.35312.102
MinimumVisualStudioVersion = 10.0.40219.1
Project("{9A19103F-16F7-4668-BE54-9A1E7A4F7556}") = "App.Repositories", "App.Repositories\App.Repositories.csproj", "{C424027F-80F2-493A-92A5-E2F763D84DBC}"
EndProject
Project("{9A19103F-16F7-4668-BE54-9A1E7A4F7556}") = "App.Services", "App.Services\App.Services.csproj", "{054663FC-D0FE-48A9-B0DB-85CFBB5E2973}"
EndProject
Project("{9A19103F-16F7-4668-BE54-9A1E7A4F7556}") = "App.API", "App.API\App.API.csproj", "{3FB24704-CFF7-4D51-AB8B-42E5C1E595F6}"
EndProject
Project("{2150E333-8FDC-42A3-9474-1A3956D46DE8}") = "Nlayer", "Nlayer", "{30DB6B1A-AA69-43C4-9AC4-AE0AB9D8EEC9}"
EndProject
Project("{2150E333-8FDC-42A3-9474-1A3956D46DE8}") = "CleanArchitecture", "CleanArchitecture", "{31FBAF2C-CAF2-454F-89CD-894F4EB3D5FF}"
EndProject
Project("{2150E333-8FDC-42A3-9474-1A3956D46DE8}") = "Src", "Src", "{C28FE732-D382-4FB6-9810-13E59E27D954}"
EndProject
Project("{2150E333-8FDC-42A3-9474-1A3956D46DE8}") = "Tests", "Tests", "{05C6798B-85C3-4F3B-B9BB-A685409095F4}"
EndProject
Project("{2150E333-8FDC-42A3-9474-1A3956D46DE8}") = "Core", "Core", "{96EE67C7-1513-42CE-8E4F-E9937B46D562}"
EndProject
Project("{2150E333-8FDC-42A3-9474-1A3956D46DE8}") = "Infrastructure", "Infrastructure", "{D02DC697-2F61-44A8-98D1-3992F68E922B}"
EndProject
Project("{2150E333-8FDC-42A3-9474-1A3956D46DE8}") = "Presentation", "Presentation", "{E8FFF1E7-F3AA-41B8-ACD5-2FCF05EED90C}"
EndProject
Project("{9A19103F-16F7-4668-BE54-9A1E7A4F7556}") = "App.Domain", "App.Domain\App.Domain.csproj", "{E066442C-110A-4CD7-A8DF-232B72C8DE2B}"
EndProject
Project("{9A19103F-16F7-4668-BE54-9A1E7A4F7556}") = "App.Application", "App.Application\App.Application.csproj", "{0C72CB64-923A-4B24-BB4D-168F64FD3212}"
EndProject
Project("{9A19103F-16F7-4668-BE54-9A1E7A4F7556}") = "CleanApp.API", "CleanApp.API\CleanApp.API.csproj", "{FE725010-18C5-4CB5-ADE9-D31606DDBB52}"
EndProject
Project("{9A19103F-16F7-4668-BE54-9A1E7A4F7556}") = "App.Persistence", "App.Persistance\App.Persistence.csproj", "{D75204B4-1FAB-424F-B45F-F2B77CE52510}"
EndProject
Project("{9A19103F-16F7-4668-BE54-9A1E7A4F7556}") = "App.Caching", "App.Caching\App.Caching.csproj", "{A17B11FC-13F4-4B80-BFAD-C1D5A9391922}"
EndProject
Project("{FAE04EC0-301F-11D3-BF4B-00C04F79EFBC}") = "App.Bus", "App.Bus\App.Bus.csproj", "{DE954E8B-4B54-4A31-8279-E3C59C14B726}"
EndProject
Global
	GlobalSection(SolutionConfigurationPlatforms) = preSolution
		Debug|Any CPU = Debug|Any CPU
		Release|Any CPU = Release|Any CPU
	EndGlobalSection
	GlobalSection(ProjectConfigurationPlatforms) = postSolution
		{C424027F-80F2-493A-92A5-E2F763D84DBC}.Debug|Any CPU.ActiveCfg = Debug|Any CPU
		{C424027F-80F2-493A-92A5-E2F763D84DBC}.Debug|Any CPU.Build.0 = Debug|Any CPU
		{C424027F-80F2-493A-92A5-E2F763D84DBC}.Release|Any CPU.ActiveCfg = Release|Any CPU
		{C424027F-80F2-493A-92A5-E2F763D84DBC}.Release|Any CPU.Build.0 = Release|Any CPU
		{054663FC-D0FE-48A9-B0DB-85CFBB5E2973}.Debug|Any CPU.ActiveCfg = Debug|Any CPU
		{054663FC-D0FE-48A9-B0DB-85CFBB5E2973}.Debug|Any CPU.Build.0 = Debug|Any CPU
		{054663FC-D0FE-48A9-B0DB-85CFBB5E2973}.Release|Any CPU.ActiveCfg = Release|Any CPU
		{054663FC-D0FE-48A9-B0DB-85CFBB5E2973}.Release|Any CPU.Build.0 = Release|Any CPU
		{3FB24704-CFF7-4D51-AB8B-42E5C1E595F6}.Debug|Any CPU.ActiveCfg = Debug|Any CPU
		{3FB24704-CFF7-4D51-AB8B-42E5C1E595F6}.Debug|Any CPU.Build.0 = Debug|Any CPU
		{3FB24704-CFF7-4D51-AB8B-42E5C1E595F6}.Release|Any CPU.ActiveCfg = Release|Any CPU
		{3FB24704-CFF7-4D51-AB8B-42E5C1E595F6}.Release|Any CPU.Build.0 = Release|Any CPU
		{E066442C-110A-4CD7-A8DF-232B72C8DE2B}.Debug|Any CPU.ActiveCfg = Debug|Any CPU
		{E066442C-110A-4CD7-A8DF-232B72C8DE2B}.Debug|Any CPU.Build.0 = Debug|Any CPU
		{E066442C-110A-4CD7-A8DF-232B72C8DE2B}.Release|Any CPU.ActiveCfg = Release|Any CPU
		{E066442C-110A-4CD7-A8DF-232B72C8DE2B}.Release|Any CPU.Build.0 = Release|Any CPU
		{0C72CB64-923A-4B24-BB4D-168F64FD3212}.Debug|Any CPU.ActiveCfg = Debug|Any CPU
		{0C72CB64-923A-4B24-BB4D-168F64FD3212}.Debug|Any CPU.Build.0 = Debug|Any CPU
		{0C72CB64-923A-4B24-BB4D-168F64FD3212}.Release|Any CPU.ActiveCfg = Release|Any CPU
		{0C72CB64-923A-4B24-BB4D-168F64FD3212}.Release|Any CPU.Build.0 = Release|Any CPU
		{FE725010-18C5-4CB5-ADE9-D31606DDBB52}.Debug|Any CPU.ActiveCfg = Debug|Any CPU
		{FE725010-18C5-4CB5-ADE9-D31606DDBB52}.Debug|Any CPU.Build.0 = Debug|Any CPU
		{FE725010-18C5-4CB5-ADE9-D31606DDBB52}.Release|Any CPU.ActiveCfg = Release|Any CPU
		{FE725010-18C5-4CB5-ADE9-D31606DDBB52}.Release|Any CPU.Build.0 = Release|Any CPU
		{D75204B4-1FAB-424F-B45F-F2B77CE52510}.Debug|Any CPU.ActiveCfg = Debug|Any CPU
		{D75204B4-1FAB-424F-B45F-F2B77CE52510}.Debug|Any CPU.Build.0 = Debug|Any CPU
		{D75204B4-1FAB-424F-B45F-F2B77CE52510}.Release|Any CPU.ActiveCfg = Release|Any CPU
		{D75204B4-1FAB-424F-B45F-F2B77CE52510}.Release|Any CPU.Build.0 = Release|Any CPU
		{A17B11FC-13F4-4B80-BFAD-C1D5A9391922}.Debug|Any CPU.ActiveCfg = Debug|Any CPU
		{A17B11FC-13F4-4B80-BFAD-C1D5A9391922}.Debug|Any CPU.Build.0 = Debug|Any CPU
		{A17B11FC-13F4-4B80-BFAD-C1D5A9391922}.Release|Any CPU.ActiveCfg = Release|Any CPU
		{A17B11FC-13F4-4B80-BFAD-C1D5A9391922}.Release|Any CPU.Build.0 = Release|Any CPU
		{DE954E8B-4B54-4A31-8279-E3C59C14B726}.Debug|Any CPU.ActiveCfg = Debug|Any CPU
		{DE954E8B-4B54-4A31-8279-E3C59C14B726}.Debug|Any CPU.Build.0 = Debug|Any CPU
		{DE954E8B-4B54-4A31-8279-E3C59C14B726}.Release|Any CPU.ActiveCfg = Release|Any CPU
		{DE954E8B-4B54-4A31-8279-E3C59C14B726}.Release|Any CPU.Build.0 = Release|Any CPU
	EndGlobalSection
	GlobalSection(SolutionProperties) = preSolution
		HideSolutionNode = FALSE
	EndGlobalSection
	GlobalSection(NestedProjects) = preSolution
		{C424027F-80F2-493A-92A5-E2F763D84DBC} = {30DB6B1A-AA69-43C4-9AC4-AE0AB9D8EEC9}
		{054663FC-D0FE-48A9-B0DB-85CFBB5E2973} = {30DB6B1A-AA69-43C4-9AC4-AE0AB9D8EEC9}
		{3FB24704-CFF7-4D51-AB8B-42E5C1E595F6} = {30DB6B1A-AA69-43C4-9AC4-AE0AB9D8EEC9}
		{C28FE732-D382-4FB6-9810-13E59E27D954} = {31FBAF2C-CAF2-454F-89CD-894F4EB3D5FF}
		{05C6798B-85C3-4F3B-B9BB-A685409095F4} = {31FBAF2C-CAF2-454F-89CD-894F4EB3D5FF}
		{96EE67C7-1513-42CE-8E4F-E9937B46D562} = {C28FE732-D382-4FB6-9810-13E59E27D954}
		{D02DC697-2F61-44A8-98D1-3992F68E922B} = {C28FE732-D382-4FB6-9810-13E59E27D954}
		{E8FFF1E7-F3AA-41B8-ACD5-2FCF05EED90C} = {C28FE732-D382-4FB6-9810-13E59E27D954}
		{E066442C-110A-4CD7-A8DF-232B72C8DE2B} = {96EE67C7-1513-42CE-8E4F-E9937B46D562}
		{0C72CB64-923A-4B24-BB4D-168F64FD3212} = {96EE67C7-1513-42CE-8E4F-E9937B46D562}
		{FE725010-18C5-4CB5-ADE9-D31606DDBB52} = {E8FFF1E7-F3AA-41B8-ACD5-2FCF05EED90C}
		{D75204B4-1FAB-424F-B45F-F2B77CE52510} = {D02DC697-2F61-44A8-98D1-3992F68E922B}
		{A17B11FC-13F4-4B80-BFAD-C1D5A9391922} = {D02DC697-2F61-44A8-98D1-3992F68E922B}
		{DE954E8B-4B54-4A31-8279-E3C59C14B726} = {D02DC697-2F61-44A8-98D1-3992F68E922B}
	EndGlobalSection
	GlobalSection(ExtensibilityGlobals) = postSolution
		SolutionGuid = {FF76DFCF-CCBC-4481-9803-E09BE08D5CB4}
	EndGlobalSection
EndGlobal
